
Microsoft Visual Studio Solution File, Format Version 12.00
# Visual Studio Version 17
VisualStudioVersion = 17.12.35521.163
MinimumVisualStudioVersion = 10.0.40219.1
Project("{FAE04EC0-301F-11D3-BF4B-00C04F79EFBC}") = "TG.CarParkEsher.Booking", "TG.CarParkEsher.Booking\TG.CarParkEsher.Booking.csproj", "{09DC0209-D473-45C7-B9C8-10D399F88049}"
EndProject
Project("{2150E333-8FDC-42A3-9474-1A3956D46DE8}") = "Solution Items", "Solution Items", "{56FCB207-D734-4DA8-B824-02247DE73554}"
	ProjectSection(SolutionItems) = preProject
		.editorconfig = .editorconfig
		Directory.Build.props = Directory.Build.props
		Directory.Packages.props = Directory.Packages.props
	EndProjectSection
EndProject
Project("{FAE04EC0-301F-11D3-BF4B-00C04F79EFBC}") = "TG.CarParkEsher.Moq.Test", "TG.CarParkEsher.Moq.Test\TG.CarParkEsher.Moq.Test.csproj", "{8424AF2D-5F79-4F5A-B6EF-4702F07C916F}"
EndProject
Global
	GlobalSection(SolutionConfigurationPlatforms) = preSolution
		Debug|Any CPU = Debug|Any CPU
		Release|Any CPU = Release|Any CPU
	EndGlobalSection
	GlobalSection(ProjectConfigurationPlatforms) = postSolution
		{09DC0209-D473-45C7-B9C8-10D399F88049}.Debug|Any CPU.ActiveCfg = Debug|Any CPU
		{09DC0209-D473-45C7-B9C8-10D399F88049}.Debug|Any CPU.Build.0 = Debug|Any CPU
		{09DC0209-D473-45C7-B9C8-10D399F88049}.Release|Any CPU.ActiveCfg = Release|Any CPU
		{09DC0209-D473-45C7-B9C8-10D399F88049}.Release|Any CPU.Build.0 = Release|Any CPU
		{8424AF2D-5F79-4F5A-B6EF-4702F07C916F}.Debug|Any CPU.ActiveCfg = Debug|Any CPU
		{8424AF2D-5F79-4F5A-B6EF-4702F07C916F}.Debug|Any CPU.Build.0 = Debug|Any CPU
		{8424AF2D-5F79-4F5A-B6EF-4702F07C916F}.Release|Any CPU.ActiveCfg = Release|Any CPU
		{8424AF2D-5F79-4F5A-B6EF-4702F07C916F}.Release|Any CPU.Build.0 = Release|Any CPU
	EndGlobalSection
	GlobalSection(SolutionProperties) = preSolution
		HideSolutionNode = FALSE
	EndGlobalSection
EndGlobal
